
Microsoft Visual Studio Solution File, Format Version 12.00
# Visual Studio Version 16
VisualStudioVersion = 16.0.32407.337
MinimumVisualStudioVersion = 10.0.40219.1
Project("{FAE04EC0-301F-11D3-BF4B-00C04F79EFBC}") = "ExamProject", "ExamProject\ExamProject.csproj", "{0F1F0432-2E87-45E2-97C2-D9BB42F7119D}"
EndProject
Global
	GlobalSection(SolutionConfigurationPlatforms) = preSolution
		Debug|Any CPU = Debug|Any CPU
		Release|Any CPU = Release|Any CPU
	EndGlobalSection
	GlobalSection(ProjectConfigurationPlatforms) = postSolution
		{0F1F0432-2E87-45E2-97C2-D9BB42F7119D}.Debug|Any CPU.ActiveCfg = Debug|Any CPU
		{0F1F0432-2E87-45E2-97C2-D9BB42F7119D}.Debug|Any CPU.Build.0 = Debug|Any CPU
		{0F1F0432-2E87-45E2-97C2-D9BB42F7119D}.Release|Any CPU.ActiveCfg = Release|Any CPU
		{0F1F0432-2E87-45E2-97C2-D9BB42F7119D}.Release|Any CPU.Build.0 = Release|Any CPU
	EndGlobalSection
	GlobalSection(SolutionProperties) = preSolution
		HideSolutionNode = FALSE
	EndGlobalSection
	GlobalSection(ExtensibilityGlobals) = postSolution
		SolutionGuid = {D70AB060-6B23-4FAF-9443-C013F737A68F}
	EndGlobalSection
EndGlobal
